lockfileVersion: '9.0'

settings:
  autoInstallPeers: true
  excludeLinksFromLockfile: false

importers:

  .: {}

  cli:
    dependencies:
      commander:
        specifier: ^14.0.3
        version: 14.0.3
      npx:
        specifier: ^10.2.2
        version: 10.2.2
      typescript:
        specifier: ^6.0.3
        version: 6.0.3

packages:

  commander@14.0.3:
    resolution: {integrity: sha512-H+y0Jo/T1RZ9qPP4Eh1pkcQcLRglraJaSLoyOtHxu6AapkjWVCy2Sit1QQ4x3Dng8qDlSsZEet7g5Pq06MvTgw==}
    engines: {node: '>=20'}

  npx@10.2.2:
    resolution: {integrity: sha512-eImmySusyeWphzs5iNh791XbZnZG0FSNvM4KSah34pdQQIDsdTDhIwg1sjN3AIVcjGLpbQ/YcfqHPshKZQK1fA==}
    deprecated: This package is now part of the npm CLI.
    hasBin: true
    bundledDependencies:
      - npm
      - libnpx

  typescript@6.0.3:
    resolution: {integrity: sha512-y2TvuxSZPDyQakkFRPZHKFm+KKVqIisdg9/CZwm9ftvKXLP8NRWj38/ODjNbr43SsoXqNuAisEf1GdCxqWcdBw==}
    engines: {node: '>=14.17'}
    hasBin: true

snapshots:

  commander@14.0.3: {}

  npx@10.2.2: {}

  typescript@6.0.3: {}
